
Microsoft Visual Studio Solution File, Format Version 12.00
# Visual Studio Version 17
VisualStudioVersion = 17.8.34525.116
MinimumVisualStudioVersion = 10.0.40219.1
Project("{FAE04EC0-301F-11D3-BF4B-00C04F79EFBC}") = "Test", "Test\Test.csproj", "{1199E0BA-CB42-43A1-AE95-8B403B3ACC71}"
EndProject
Global
	GlobalSection(SolutionConfigurationPlatforms) = preSolution
		Debug|Any CPU = Debug|Any CPU
		Release|Any CPU = Release|Any CPU
	EndGlobalSection
	GlobalSection(ProjectConfigurationPlatforms) = postSolution
		{1199E0BA-CB42-43A1-AE95-8B403B3ACC71}.Debug|Any CPU.ActiveCfg = Debug|Any CPU
		{1199E0BA-CB42-43A1-AE95-8B403B3ACC71}.Debug|Any CPU.Build.0 = Debug|Any CPU
		{1199E0BA-CB42-43A1-AE95-8B403B3ACC71}.Release|Any CPU.ActiveCfg = Release|Any CPU
		{1199E0BA-CB42-43A1-AE95-8B403B3ACC71}.Release|Any CPU.Build.0 = Release|Any CPU
	EndGlobalSection
	GlobalSection(SolutionProperties) = preSolution
		HideSolutionNode = FALSE
	EndGlobalSection
	GlobalSection(ExtensibilityGlobals) = postSolution
		SolutionGuid = {3C24D30D-6609-45E5-BE5F-87F5FA8312E1}
	EndGlobalSection
EndGlobal
